{
  "requires": true,
  "lockfileVersion": 1,
  "dependencies": {
    "@clr/icons": {
      "version": "0.13.10",
      "resolved": "https://registry.npmjs.org/@clr/icons/-/icons-0.13.10.tgz",
      "integrity": "sha512-jovL/48eFCoUC73G5A5Xt0g/A7loI+QLYIJ2pS8XDplyvMHAYUScLHiya4MY6sG7TG/tLRCIxiEscugGi1KLtQ=="
    }
  }
}
